
Microsoft Visual Studio Solution File, Format Version 12.00
# Visual Studio Version 16
VisualStudioVersion = 16.0.30524.135
MinimumVisualStudioVersion = 10.0.40219.1
Project("{9A19103F-16F7-4668-BE54-9A1E7A4F7556}") = "ImageHubService", "ImageStoreService\ImageHubService.csproj", "{1F16E587-3BA8-4C6C-85BA-5263B6F1957F}"
EndProject
Project("{9A19103F-16F7-4668-BE54-9A1E7A4F7556}") = "ImageStoreService.UnitTests", "ImageStoreService.UnitTests\ImageStoreService.UnitTests.csproj", "{037EF2D0-7433-492B-B3CA-0288B732EB33}"
EndProject
Global
	GlobalSection(SolutionConfigurationPlatforms) = preSolution
		Debug|Any CPU = Debug|Any CPU
		Release|Any CPU = Release|Any CPU
	EndGlobalSection
	GlobalSection(ProjectConfigurationPlatforms) = postSolution
		{1F16E587-3BA8-4C6C-85BA-5263B6F1957F}.Debug|Any CPU.ActiveCfg = Debug|Any CPU
		{1F16E587-3BA8-4C6C-85BA-5263B6F1957F}.Debug|Any CPU.Build.0 = Debug|Any CPU
		{1F16E587-3BA8-4C6C-85BA-5263B6F1957F}.Release|Any CPU.ActiveCfg = Release|Any CPU
		{1F16E587-3BA8-4C6C-85BA-5263B6F1957F}.Release|Any CPU.Build.0 = Release|Any CPU
		{037EF2D0-7433-492B-B3CA-0288B732EB33}.Debug|Any CPU.ActiveCfg = Debug|Any CPU
		{037EF2D0-7433-492B-B3CA-0288B732EB33}.Debug|Any CPU.Build.0 = Debug|Any CPU
		{037EF2D0-7433-492B-B3CA-0288B732EB33}.Release|Any CPU.ActiveCfg = Release|Any CPU
		{037EF2D0-7433-492B-B3CA-0288B732EB33}.Release|Any CPU.Build.0 = Release|Any CPU
	EndGlobalSection
	GlobalSection(SolutionProperties) = preSolution
		HideSolutionNode = FALSE
	EndGlobalSection
	GlobalSection(ExtensibilityGlobals) = postSolution
		SolutionGuid = {DD80E823-0DE6-4194-9764-6D5EEC45CDC7}
	EndGlobalSection
EndGlobal
